
Microsoft Visual Studio Solution File, Format Version 12.00
# Visual Studio Version 16
VisualStudioVersion = 16.0.29709.97
MinimumVisualStudioVersion = 10.0.40219.1
Project("{FAE04EC0-301F-11D3-BF4B-00C04F79EFBC}") = "BooksForTesting", "BooksForTesting\BooksForTesting.csproj", "{F90E7D5E-956F-4D38-8D62-E52F8302F2F8}"
EndProject
Project("{FAE04EC0-301F-11D3-BF4B-00C04F79EFBC}") = "BooksForTestingTests", "BooksForTestingTests\BooksForTestingTests.csproj", "{7CBBC030-69CE-48C5-8B51-6BB062155B18}"
EndProject
Project("{FAE04EC0-301F-11D3-BF4B-00C04F79EFBC}") = "UnitTestProject1", "UnitTestProject1\UnitTestProject1.csproj", "{B6FD728A-4E29-4BE2-9A41-2C5231B716DF}"
EndProject
Global
	GlobalSection(SolutionConfigurationPlatforms) = preSolution
		Debug|Any CPU = Debug|Any CPU
		Release|Any CPU = Release|Any CPU
	EndGlobalSection
	GlobalSection(ProjectConfigurationPlatforms) = postSolution
		{F90E7D5E-956F-4D38-8D62-E52F8302F2F8}.Debug|Any CPU.ActiveCfg = Debug|Any CPU
		{F90E7D5E-956F-4D38-8D62-E52F8302F2F8}.Debug|Any CPU.Build.0 = Debug|Any CPU
		{F90E7D5E-956F-4D38-8D62-E52F8302F2F8}.Release|Any CPU.ActiveCfg = Release|Any CPU
		{F90E7D5E-956F-4D38-8D62-E52F8302F2F8}.Release|Any CPU.Build.0 = Release|Any CPU
		{7CBBC030-69CE-48C5-8B51-6BB062155B18}.Debug|Any CPU.ActiveCfg = Debug|Any CPU
		{7CBBC030-69CE-48C5-8B51-6BB062155B18}.Debug|Any CPU.Build.0 = Debug|Any CPU
		{7CBBC030-69CE-48C5-8B51-6BB062155B18}.Release|Any CPU.ActiveCfg = Release|Any CPU
		{7CBBC030-69CE-48C5-8B51-6BB062155B18}.Release|Any CPU.Build.0 = Release|Any CPU
		{B6FD728A-4E29-4BE2-9A41-2C5231B716DF}.Debug|Any CPU.ActiveCfg = Debug|Any CPU
		{B6FD728A-4E29-4BE2-9A41-2C5231B716DF}.Debug|Any CPU.Build.0 = Debug|Any CPU
		{B6FD728A-4E29-4BE2-9A41-2C5231B716DF}.Release|Any CPU.ActiveCfg = Release|Any CPU
		{B6FD728A-4E29-4BE2-9A41-2C5231B716DF}.Release|Any CPU.Build.0 = Release|Any CPU
	EndGlobalSection
	GlobalSection(SolutionProperties) = preSolution
		HideSolutionNode = FALSE
	EndGlobalSection
	GlobalSection(ExtensibilityGlobals) = postSolution
		SolutionGuid = {7AE46343-9E4A-4808-9948-04C173A23A58}
	EndGlobalSection
EndGlobal
